// !$*UTF8*$!
{
	archiveVersion = 1;
	classes = {
	};
	objectVersion = 77;
	objects = {

/* Begin PBXBuildFile section */
		29B5746E2F377CFC00BBD9B0 /* DeviceActivity.framework in Frameworks */ = {isa = PBXBuildFile; fileRef = 29B5746D2F377CFC00BBD9B0 /* DeviceActivity.framework */; };
		29B574762F377CFD00BBD9B0 /* DeviceActivityMonitorExtension.appex in Embed Foundation Extensions */ = {isa = PBXBuildFile; fileRef = 29B5746B2F377CFC00BBD9B0 /* DeviceActivityMonitorExtension.appex */; settings = {ATTRIBUTES = (RemoveHeadersOnCopy, ); }; };
		29B574822F3781E500BBD9B0 /* WidgetKit.framework in Frameworks */ = {isa = PBXBuildFile; fileRef = 29B574812F3781E500BBD9B0 /* WidgetKit.framework */; };
		29B574842F3781E500BBD9B0 /* SwiftUI.framework in Frameworks */ = {isa = PBXBuildFile; fileRef = 29B574832F3781E500BBD9B0 /* SwiftUI.framework */; };
		29B574952F3781E800BBD9B0 /* PetWidgetExtensionExtension.appex in Embed Foundation Extensions */ = {isa = PBXBuildFile; fileRef = 29B574802F3781E500BBD9B0 /* PetWidgetExtensionExtension.appex */; settings = {ATTRIBUTES = (RemoveHeadersOnCopy, ); }; };
		29B574D52F378DAE00BBD9B0 /* RiveRuntime in Frameworks */ = {isa = PBXBuildFile; productRef = 29B574D42F378DAE00BBD9B0 /* RiveRuntime */; };
		29B574D72F3790F300BBD9B0 /* RiveRuntime in Frameworks */ = {isa = PBXBuildFile; productRef = 29B574D62F3790F300BBD9B0 /* RiveRuntime */; };
/* End PBXBuildFile section */

/* Begin PBXContainerItemProxy section */
		29B574312F37510B00BBD9B0 /* PBXContainerItemProxy */ = {
			isa = PBXContainerItemProxy;
			containerPortal = 29B5741B2F37510500BBD9B0 /* Project object */;
			proxyType = 1;
			remoteGlobalIDString = 29B574222F37510500BBD9B0;
			remoteInfo = Mimic;
		};
		29B5743B2F37510B00BBD9B0 /* PBXContainerItemProxy */ = {
			isa = PBXContainerItemProxy;
			containerPortal = 29B5741B2F37510500BBD9B0 /* Project object */;
			proxyType = 1;
			remoteGlobalIDString = 29B574222F37510500BBD9B0;
			remoteInfo = Mimic;
		};
		29B574742F377CFD00BBD9B0 /* PBXContainerItemProxy */ = {
			isa = PBXContainerItemProxy;
			containerPortal = 29B5741B2F37510500BBD9B0 /* Project object */;
			proxyType = 1;
			remoteGlobalIDString = 29B5746A2F377CFC00BBD9B0;
			remoteInfo = DeviceActivityMonitorExtension;
		};
		29B574932F3781E800BBD9B0 /* PBXContainerItemProxy */ = {
			isa = PBXContainerItemProxy;
			containerPortal = 29B5741B2F37510500BBD9B0 /* Project object */;
			proxyType = 1;
			remoteGlobalIDString = 29B5747F2F3781E500BBD9B0;
			remoteInfo = PetWidgetExtensionExtension;
		};
/* End PBXContainerItemProxy section */

/* Begin PBXCopyFilesBuildPhase section */
		29B5747B2F377CFD00BBD9B0 /* Embed Foundation Extensions */ = {
			isa = PBXCopyFilesBuildPhase;
			buildActionMask = 2147483647;
			dstPath = "";
			dstSubfolderSpec = 13;
			files = (
				29B574952F3781E800BBD9B0 /* PetWidgetExtensionExtension.appex in Embed Foundation Extensions */,
				29B574762F377CFD00BBD9B0 /* DeviceActivityMonitorExtension.appex in Embed Foundation Extensions */,
			);
			name = "Embed Foundation Extensions";
			runOnlyForDeploymentPostprocessing = 0;
		};
/* End PBXCopyFilesBuildPhase section */

/* Begin PBXFileReference section */
		29B574232F37510500BBD9B0 /* Mimic.app */ = {isa = PBXFileReference; explicitFileType = wrapper.application; includeInIndex = 0; path = Mimic.app; sourceTree = BUILT_PRODUCTS_DIR; };
		29B574302F37510B00BBD9B0 /* MimicTests.xctest */ = {isa = PBXFileReference; explicitFileType = wrapper.cfbundle; includeInIndex = 0; path = MimicTests.xctest; sourceTree = BUILT_PRODUCTS_DIR; };
		29B5743A2F37510B00BBD9B0 /* MimicUITests.xctest */ = {isa = PBXFileReference; explicitFileType = wrapper.cfbundle; includeInIndex = 0; path = MimicUITests.xctest; sourceTree = BUILT_PRODUCTS_DIR; };
		29B5746B2F377CFC00BBD9B0 /* DeviceActivityMonitorExtension.appex */ = {isa = PBXFileReference; explicitFileType = "wrapper.app-extension"; includeInIndex = 0; path = DeviceActivityMonitorExtension.appex; sourceTree = BUILT_PRODUCTS_DIR; };
		29B5746D2F377CFC00BBD9B0 /* DeviceActivity.framework */ = {isa = PBXFileReference; lastKnownFileType = wrapper.framework; name = DeviceActivity.framework; path = System/Library/Frameworks/DeviceActivity.framework; sourceTree = SDKROOT; };
		29B574802F3781E500BBD9B0 /* PetWidgetExtensionExtension.appex */ = {isa = PBXFileReference; explicitFileType = "wrapper.app-extension"; includeInIndex = 0; path = PetWidgetExtensionExtension.appex; sourceTree = BUILT_PRODUCTS_DIR; };
		29B574812F3781E500BBD9B0 /* WidgetKit.framework */ = {isa = PBXFileReference; lastKnownFileType = wrapper.framework; name = WidgetKit.framework; path = System/Library/Frameworks/WidgetKit.framework; sourceTree = SDKROOT; };
		29B574832F3781E500BBD9B0 /* SwiftUI.framework */ = {isa = PBXFileReference; lastKnownFileType = wrapper.framework; name = SwiftUI.framework; path = System/Library/Frameworks/SwiftUI.framework; sourceTree = SDKROOT; };
/* End PBXFileReference section */

/* Begin PBXFileSystemSynchronizedBuildFileExceptionSet section */
		29B574772F377CFD00BBD9B0 /* Exceptions for "DeviceActivityMonitorExtension" folder in "DeviceActivityMonitorExtension" target */ = {
			isa = PBXFileSystemSynchronizedBuildFileExceptionSet;
			membershipExceptions = (
				Info.plist,
			);
			target = 29B5746A2F377CFC00BBD9B0 /* DeviceActivityMonitorExtension */;
		};
		29B574CF2F3785B600BBD9B0 /* Exceptions for "Mimic" folder in "PetWidgetExtensionExtension" target */ = {
			isa = PBXFileSystemSynchronizedBuildFileExceptionSet;
			membershipExceptions = (
				ScreenPet/LiveActivity/PetActivityAttributes.swift,
			);
			target = 29B5747F2F3781E500BBD9B0 /* PetWidgetExtensionExtension */;
		};
		29B574D22F378AD900BBD9B0 /* Exceptions for "Mimic" folder in "Mimic" target */ = {
			isa = PBXFileSystemSynchronizedBuildFileExceptionSet;
			membershipExceptions = (
				Info.plist,
			);
			target = 29B574222F37510500BBD9B0 /* Mimic */;
		};
/* End PBXFileSystemSynchronizedBuildFileExceptionSet section */

/* Begin PBXFileSystemSynchronizedRootGroup section */
		29B574252F37510500BBD9B0 /* Mimic */ = {
			isa = PBXFileSystemSynchronizedRootGroup;
			exceptions = (
				29B574D22F378AD900BBD9B0 /* Exceptions for "Mimic" folder in "Mimic" target */,
				29B574CF2F3785B600BBD9B0 /* Exceptions for "Mimic" folder in "PetWidgetExtensionExtension" target */,
			);
			path = Mimic;
			sourceTree = "<group>";
		};
		29B574332F37510B00BBD9B0 /* MimicTests */ = {
			isa = PBXFileSystemSynchronizedRootGroup;
			path = MimicTests;
			sourceTree = "<group>";
		};
		29B5743D2F37510B00BBD9B0 /* MimicUITests */ = {
			isa = PBXFileSystemSynchronizedRootGroup;
			path = MimicUITests;
			sourceTree = "<group>";
		};
		29B5746F2F377CFD00BBD9B0 /* DeviceActivityMonitorExtension */ = {
			isa = PBXFileSystemSynchronizedRootGroup;
			exceptions = (
				29B574772F377CFD00BBD9B0 /* Exceptions for "DeviceActivityMonitorExtension" folder in "DeviceActivityMonitorExtension" target */,
			);
			path = DeviceActivityMonitorExtension;
			sourceTree = "<group>";
		};
		29B574A12F3782E300BBD9B0 /* PetWidgetExtension */ = {
			isa = PBXFileSystemSynchronizedRootGroup;
			path = PetWidgetExtension;
			sourceTree = "<group>";
		};
		29B574BB2F3784EA00BBD9B0 /* PetWidgetExtension */ = {
			isa = PBXFileSystemSynchronizedRootGroup;
			path = PetWidgetExtension;
			sourceTree = "<group>";
		};
/* End PBXFileSystemSynchronizedRootGroup section */

/* Begin PBXFrameworksBuildPhase section */
		29B574202F37510500BBD9B0 /* Frameworks */ = {
			isa = PBXFrameworksBuildPhase;
			buildActionMask = 2147483647;
			files = (
				29B574D52F378DAE00BBD9B0 /* RiveRuntime in Frameworks */,
			);
			runOnlyForDeploymentPostprocessing = 0;
		};
		29B5742D2F37510B00BBD9B0 /* Frameworks */ = {
			isa = PBXFrameworksBuildPhase;
			buildActionMask = 2147483647;
			files = (
			);
			runOnlyForDeploymentPostprocessing = 0;
		};
		29B574372F37510B00BBD9B0 /* Frameworks */ = {
			isa = PBXFrameworksBuildPhase;
			buildActionMask = 2147483647;
			files = (
			);
			runOnlyForDeploymentPostprocessing = 0;
		};
		29B574682F377CFC00BBD9B0 /* Frameworks */ = {
			isa = PBXFrameworksBuildPhase;
			buildActionMask = 2147483647;
			files = (
				29B5746E2F377CFC00BBD9B0 /* DeviceActivity.framework in Frameworks */,
			);
			runOnlyForDeploymentPostprocessing = 0;
		};
		29B5747D2F3781E500BBD9B0 /* Frameworks */ = {
			isa = PBXFrameworksBuildPhase;
			buildActionMask = 2147483647;
			files = (
				29B574842F3781E500BBD9B0 /* SwiftUI.framework in Frameworks */,
				29B574822F3781E500BBD9B0 /* WidgetKit.framework in Frameworks */,
				29B574D72F3790F300BBD9B0 /* RiveRuntime in Frameworks */,
			);
			runOnlyForDeploymentPostprocessing = 0;
		};
/* End PBXFrameworksBuildPhase section */

/* Begin PBXGroup section */
		29B5741A2F37510500BBD9B0 = {
			isa = PBXGroup;
			children = (
				29B574252F37510500BBD9B0 /* Mimic */,
				29B574332F37510B00BBD9B0 /* MimicTests */,
				29B5743D2F37510B00BBD9B0 /* MimicUITests */,
				29B5746F2F377CFD00BBD9B0 /* DeviceActivityMonitorExtension */,
				29B574A12F3782E300BBD9B0 /* PetWidgetExtension */,
				29B574BB2F3784EA00BBD9B0 /* PetWidgetExtension */,
				29B5746C2F377CFC00BBD9B0 /* Frameworks */,
				29B574242F37510500BBD9B0 /* Products */,
			);
			sourceTree = "<group>";
		};
		29B574242F37510500BBD9B0 /* Products */ = {
			isa = PBXGroup;
			children = (
				29B574232F37510500BBD9B0 /* Mimic.app */,
				29B574302F37510B00BBD9B0 /* MimicTests.xctest */,
				29B5743A2F37510B00BBD9B0 /* MimicUITests.xctest */,
				29B5746B2F377CFC00BBD9B0 /* DeviceActivityMonitorExtension.appex */,
				29B574802F3781E500BBD9B0 /* PetWidgetExtensionExtension.appex */,
			);
			name = Products;
			sourceTree = "<group>";
		};
		29B5746C2F377CFC00BBD9B0 /* Frameworks */ = {
			isa = PBXGroup;
			children = (
				29B5746D2F377CFC00BBD9B0 /* DeviceActivity.framework */,
				29B574812F3781E500BBD9B0 /* WidgetKit.framework */,
				29B574832F3781E500BBD9B0 /* SwiftUI.framework */,
			);
			name = Frameworks;
			sourceTree = "<group>";
		};
/* End PBXGroup section */

/* Begin PBXNativeTarget section */
		29B574222F37510500BBD9B0 /* Mimic */ = {
			isa = PBXNativeTarget;
			buildConfigurationList = 29B574442F37510B00BBD9B0 /* Build configuration list for PBXNativeTarget "Mimic" */;
			buildPhases = (
				29B5741F2F37510500BBD9B0 /* Sources */,
				29B574202F37510500BBD9B0 /* Frameworks */,
				29B574212F37510500BBD9B0 /* Resources */,
				29B5747B2F377CFD00BBD9B0 /* Embed Foundation Extensions */,
			);
			buildRules = (
			);
			dependencies = (
				29B574752F377CFD00BBD9B0 /* PBXTargetDependency */,
				29B574942F3781E800BBD9B0 /* PBXTargetDependency */,
			);
			fileSystemSynchronizedGroups = (
				29B574252F37510500BBD9B0 /* Mimic */,
			);
			name = Mimic;
			packageProductDependencies = (
				29B574D42F378DAE00BBD9B0 /* RiveRuntime */,
			);
			productName = Mimic;
			productReference = 29B574232F37510500BBD9B0 /* Mimic.app */;
			productType = "com.apple.product-type.application";
		};
		29B5742F2F37510B00BBD9B0 /* MimicTests */ = {
			isa = PBXNativeTarget;
			buildConfigurationList = 29B574472F37510B00BBD9B0 /* Build configuration list for PBXNativeTarget "MimicTests" */;
			buildPhases = (
				29B5742C2F37510B00BBD9B0 /* Sources */,
				29B5742D2F37510B00BBD9B0 /* Frameworks */,
				29B5742E2F37510B00BBD9B0 /* Resources */,
			);
			buildRules = (
			);
			dependencies = (
				29B574322F37510B00BBD9B0 /* PBXTargetDependency */,
			);
			fileSystemSynchronizedGroups = (
				29B574332F37510B00BBD9B0 /* MimicTests */,
			);
			name = MimicTests;
			packageProductDependencies = (
			);
			productName = MimicTests;
			productReference = 29B574302F37510B00BBD9B0 /* MimicTests.xctest */;
			productType = "com.apple.product-type.bundle.unit-test";
		};
		29B574392F37510B00BBD9B0 /* MimicUITests */ = {
			isa = PBXNativeTarget;
			buildConfigurationList = 29B5744A2F37510B00BBD9B0 /* Build configuration list for PBXNativeTarget "MimicUITests" */;
			buildPhases = (
				29B574362F37510B00BBD9B0 /* Sources */,
				29B574372F37510B00BBD9B0 /* Frameworks */,
				29B574382F37510B00BBD9B0 /* Resources */,
			);
			buildRules = (
			);
			dependencies = (
				29B5743C2F37510B00BBD9B0 /* PBXTargetDependency */,
			);
			fileSystemSynchronizedGroups = (
				29B5743D2F37510B00BBD9B0 /* MimicUITests */,
			);
			name = MimicUITests;
			packageProductDependencies = (
			);
			productName = MimicUITests;
			productReference = 29B5743A2F37510B00BBD9B0 /* MimicUITests.xctest */;
			productType = "com.apple.product-type.bundle.ui-testing";
		};
		29B5746A2F377CFC00BBD9B0 /* DeviceActivityMonitorExtension */ = {
			isa = PBXNativeTarget;
			buildConfigurationList = 29B574782F377CFD00BBD9B0 /* Build configuration list for PBXNativeTarget "DeviceActivityMonitorExtension" */;
			buildPhases = (
				29B574672F377CFC00BBD9B0 /* Sources */,
				29B574682F377CFC00BBD9B0 /* Frameworks */,
				29B574692F377CFC00BBD9B0 /* Resources */,
			);
			buildRules = (
			);
			dependencies = (
			);
			fileSystemSynchronizedGroups = (
				29B5746F2F377CFD00BBD9B0 /* DeviceActivityMonitorExtension */,
			);
			name = DeviceActivityMonitorExtension;
			packageProductDependencies = (
			);
			productName = DeviceActivityMonitorExtension;
			productReference = 29B5746B2F377CFC00BBD9B0 /* DeviceActivityMonitorExtension.appex */;
			productType = "com.apple.product-type.app-extension";
		};
		29B5747F2F3781E500BBD9B0 /* PetWidgetExtensionExtension */ = {
			isa = PBXNativeTarget;
			buildConfigurationList = 29B574972F3781E800BBD9B0 /* Build configuration list for PBXNativeTarget "PetWidgetExtensionExtension" */;
			buildPhases = (
				29B5747C2F3781E500BBD9B0 /* Sources */,
				29B5747D2F3781E500BBD9B0 /* Frameworks */,
				29B5747E2F3781E500BBD9B0 /* Resources */,
			);
			buildRules = (
			);
			dependencies = (
			);
			name = PetWidgetExtensionExtension;
			packageProductDependencies = (
				29B574D62F3790F300BBD9B0 /* RiveRuntime */,
			);
			productName = PetWidgetExtensionExtension;
			productReference = 29B574802F3781E500BBD9B0 /* PetWidgetExtensionExtension.appex */;
			productType = "com.apple.product-type.app-extension";
		};
/* End PBXNativeTarget section */

/* Begin PBXProject section */
		29B5741B2F37510500BBD9B0 /* Project object */ = {
			isa = PBXProject;
			attributes = {
				BuildIndependentTargetsInParallel = 1;
				LastSwiftUpdateCheck = 2620;
				LastUpgradeCheck = 2620;
				TargetAttributes = {
					29B574222F37510500BBD9B0 = {
						CreatedOnToolsVersion = 26.2;
					};
					29B5742F2F37510B00BBD9B0 = {
						CreatedOnToolsVersion = 26.2;
						TestTargetID = 29B574222F37510500BBD9B0;
					};
					29B574392F37510B00BBD9B0 = {
						CreatedOnToolsVersion = 26.2;
						TestTargetID = 29B574222F37510500BBD9B0;
					};
					29B5746A2F377CFC00BBD9B0 = {
						CreatedOnToolsVersion = 26.2;
					};
					29B5747F2F3781E500BBD9B0 = {
						CreatedOnToolsVersion = 26.2;
					};
				};
			};
			buildConfigurationList = 29B5741E2F37510500BBD9B0 /* Build configuration list for PBXProject "Mimic" */;
			developmentRegion = en;
			hasScannedForEncodings = 0;
			knownRegions = (
				en,
				Base,
			);
			mainGroup = 29B5741A2F37510500BBD9B0;
			minimizedProjectReferenceProxies = 1;
			packageReferences = (
				29B574D32F378DAE00BBD9B0 /* XCRemoteSwiftPackageReference "rive-ios" */,
			);
			preferredProjectObjectVersion = 77;
			productRefGroup = 29B574242F37510500BBD9B0 /* Products */;
			projectDirPath = "";
			projectRoot = "";
			targets = (
				29B574222F37510500BBD9B0 /* Mimic */,
				29B5742F2F37510B00BBD9B0 /* MimicTests */,
				29B574392F37510B00BBD9B0 /* MimicUITests */,
				29B5746A2F377CFC00BBD9B0 /* DeviceActivityMonitorExtension */,
				29B5747F2F3781E500BBD9B0 /* PetWidgetExtensionExtension */,
			);
		};
/* End PBXProject section */

/* Begin PBXResourcesBuildPhase section */
		29B574212F37510500BBD9B0 /* Resources */ = {
			isa = PBXResourcesBuildPhase;
			buildActionMask = 2147483647;
			files = (
			);
			runOnlyForDeploymentPostprocessing = 0;
		};
		29B5742E2F37510B00BBD9B0 /* Resources */ = {
			isa = PBXResourcesBuildPhase;
			buildActionMask = 2147483647;
			files = (
			);
			runOnlyForDeploymentPostprocessing = 0;
		};
		29B574382F37510B00BBD9B0 /* Resources */ = {
			isa = PBXResourcesBuildPhase;
			buildActionMask = 2147483647;
			files = (
			);
			runOnlyForDeploymentPostprocessing = 0;
		};
		29B574692F377CFC00BBD9B0 /* Resources */ = {
			isa = PBXResourcesBuildPhase;
			buildActionMask = 2147483647;
			files = (
			);
			runOnlyForDeploymentPostprocessing = 0;
		};
		29B5747E2F3781E500BBD9B0 /* Resources */ = {
			isa = PBXResourcesBuildPhase;
			buildActionMask = 2147483647;
			files = (
			);
			runOnlyForDeploymentPostprocessing = 0;
		};
/* End PBXResourcesBuildPhase section */

/* Begin PBXSourcesBuildPhase section */
		29B5741F2F37510500BBD9B0 /* Sources */ = {
			isa = PBXSourcesBuildPhase;
			buildActionMask = 2147483647;
			files = (
			);
			runOnlyForDeploymentPostprocessing = 0;
		};
		29B5742C2F37510B00BBD9B0 /* Sources */ = {
			isa = PBXSourcesBuildPhase;
			buildActionMask = 2147483647;
			files = (
			);
			runOnlyForDeploymentPostprocessing = 0;
		};
		29B574362F37510B00BBD9B0 /* Sources */ = {
			isa = PBXSourcesBuildPhase;
			buildActionMask = 2147483647;
			files = (
			);
			runOnlyForDeploymentPostprocessing = 0;
		};
		29B574672F377CFC00BBD9B0 /* Sources */ = {
			isa = PBXSourcesBuildPhase;
			buildActionMask = 2147483647;
			files = (
			);
			runOnlyForDeploymentPostprocessing = 0;
		};
		29B5747C2F3781E500BBD9B0 /* Sources */ = {
			isa = PBXSourcesBuildPhase;
			buildActionMask = 2147483647;
			files = (
			);
			runOnlyForDeploymentPostprocessing = 0;
		};
/* End PBXSourcesBuildPhase section */

/* Begin PBXTargetDependency section */
		29B574322F37510B00BBD9B0 /* PBXTargetDependency */ = {
			isa = PBXTargetDependency;
			target = 29B574222F37510500BBD9B0 /* Mimic */;
			targetProxy = 29B574312F37510B00BBD9B0 /* PBXContainerItemProxy */;
		};
		29B5743C2F37510B00BBD9B0 /* PBXTargetDependency */ = {
			isa = PBXTargetDependency;
			target = 29B574222F37510500BBD9B0 /* Mimic */;
			targetProxy = 29B5743B2F37510B00BBD9B0 /* PBXContainerItemProxy */;
		};
		29B574752F377CFD00BBD9B0 /* PBXTargetDependency */ = {
			isa = PBXTargetDependency;
			target = 29B5746A2F377CFC00BBD9B0 /* DeviceActivityMonitorExtension */;
			targetProxy = 29B574742F377CFD00BBD9B0 /* PBXContainerItemProxy */;
		};
		29B574942F3781E800BBD9B0 /* PBXTargetDependency */ = {
			isa = PBXTargetDependency;
			target = 29B5747F2F3781E500BBD9B0 /* PetWidgetExtensionExtension */;
			targetProxy = 29B574932F3781E800BBD9B0 /* PBXContainerItemProxy */;
		};
/* End PBXTargetDependency section */

/* Begin XCBuildConfiguration section */
		29B574422F37510B00BBD9B0 /* Debug */ = {
			isa = XCBuildConfiguration;
			buildSettings = {
				ALWAYS_SEARCH_USER_PATHS = NO;
				ASSETCATALOG_COMPILER_GENERATE_SWIFT_ASSET_SYMBOL_EXTENSIONS = YES;
				CLANG_ANALYZER_NONNULL = YES;
				CLANG_ANALYZER_NUMBER_OBJECT_CONVERSION = YES_AGGRESSIVE;
				CLANG_CXX_LANGUAGE_STANDARD = "gnu++20";
				CLANG_ENABLE_MODULES = YES;
				CLANG_ENABLE_OBJC_ARC = YES;
				CLANG_ENABLE_OBJC_WEAK = YES;
				CLANG_WARN_BLOCK_CAPTURE_AUTORELEASING = YES;
				CLANG_WARN_BOOL_CONVERSION = YES;
				CLANG_WARN_COMMA = YES;
				CLANG_WARN_CONSTANT_CONVERSION = YES;
				CLANG_WARN_DEPRECATED_OBJC_IMPLEMENTATIONS = YES;
				CLANG_WARN_DIRECT_OBJC_ISA_USAGE = YES_ERROR;
				CLANG_WARN_DOCUMENTATION_COMMENTS = YES;
				CLANG_WARN_EMPTY_BODY = YES;
				CLANG_WARN_ENUM_CONVERSION = YES;
				CLANG_WARN_INFINITE_RECURSION = YES;
				CLANG_WARN_INT_CONVERSION = YES;
				CLANG_WARN_NON_LITERAL_NULL_CONVERSION = YES;
				CLANG_WARN_OBJC_IMPLICIT_RETAIN_SELF = YES;
				CLANG_WARN_OBJC_LITERAL_CONVERSION = YES;
				CLANG_WARN_OBJC_ROOT_CLASS = YES_ERROR;
				CLANG_WARN_QUOTED_INCLUDE_IN_FRAMEWORK_HEADER = YES;
				CLANG_WARN_RANGE_LOOP_ANALYSIS = YES;
				CLANG_WARN_STRICT_PROTOTYPES = YES;
				CLANG_WARN_SUSPICIOUS_MOVE = YES;
				CLANG_WARN_UNGUARDED_AVAILABILITY = YES_AGGRESSIVE;
				CLANG_WARN_UNREACHABLE_CODE = YES;
				CLANG_WARN__DUPLICATE_METHOD_MATCH = YES;
				COPY_PHASE_STRIP = NO;
				DEBUG_INFORMATION_FORMAT = dwarf;
				DEVELOPMENT_TEAM = V8U7G8VKD3;
				ENABLE_STRICT_OBJC_MSGSEND = YES;
				ENABLE_TESTABILITY = YES;
				ENABLE_USER_SCRIPT_SANDBOXING = YES;
				GCC_C_LANGUAGE_STANDARD = gnu17;
				GCC_DYNAMIC_NO_PIC = NO;
				GCC_NO_COMMON_BLOCKS = YES;
				GCC_OPTIMIZATION_LEVEL = 0;
				GCC_PREPROCESSOR_DEFINITIONS = (
					"DEBUG=1",
					"$(inherited)",
				);
				GCC_WARN_64_TO_32_BIT_CONVERSION = YES;
				GCC_WARN_ABOUT_RETURN_TYPE = YES_ERROR;
				GCC_WARN_UNDECLARED_SELECTOR = YES;
				GCC_WARN_UNINITIALIZED_AUTOS = YES_AGGRESSIVE;
				GCC_WARN_UNUSED_FUNCTION = YES;
				GCC_WARN_UNUSED_VARIABLE = YES;
				IPHONEOS_DEPLOYMENT_TARGET = 26.2;
				LOCALIZATION_PREFERS_STRING_CATALOGS = YES;
				MTL_ENABLE_DEBUG_INFO = INCLUDE_SOURCE;
				MTL_FAST_MATH = YES;
				ONLY_ACTIVE_ARCH = YES;
				SDKROOT = iphoneos;
				SWIFT_ACTIVE_COMPILATION_CONDITIONS = "DEBUG $(inherited)";
				SWIFT_OPTIMIZATION_LEVEL = "-Onone";
			};
			name = Debug;
		};
		29B574432F37510B00BBD9B0 /* Release */ = {
			isa = XCBuildConfiguration;
			buildSettings = {
				ALWAYS_SEARCH_USER_PATHS = NO;
				ASSETCATALOG_COMPILER_GENERATE_SWIFT_ASSET_SYMBOL_EXTENSIONS = YES;
				CLANG_ANALYZER_NONNULL = YES;
				CLANG_ANALYZER_NUMBER_OBJECT_CONVERSION = YES_AGGRESSIVE;
				CLANG_CXX_LANGUAGE_STANDARD = "gnu++20";
				CLANG_ENABLE_MODULES = YES;
				CLANG_ENABLE_OBJC_ARC = YES;
				CLANG_ENABLE_OBJC_WEAK = YES;
				CLANG_WARN_BLOCK_CAPTURE_AUTORELEASING = YES;
				CLANG_WARN_BOOL_CONVERSION = YES;
				CLANG_WARN_COMMA = YES;
				CLANG_WARN_CONSTANT_CONVERSION = YES;
				CLANG_WARN_DEPRECATED_OBJC_IMPLEMENTATIONS = YES;
				CLANG_WARN_DIRECT_OBJC_ISA_USAGE = YES_ERROR;
				CLANG_WARN_DOCUMENTATION_COMMENTS = YES;
				CLANG_WARN_EMPTY_BODY = YES;
				CLANG_WARN_ENUM_CONVERSION = YES;
				CLANG_WARN_INFINITE_RECURSION = YES;
				CLANG_WARN_INT_CONVERSION = YES;
				CLANG_WARN_NON_LITERAL_NULL_CONVERSION = YES;
				CLANG_WARN_OBJC_IMPLICIT_RETAIN_SELF = YES;
				CLANG_WARN_OBJC_LITERAL_CONVERSION = YES;
				CLANG_WARN_OBJC_ROOT_CLASS = YES_ERROR;
				CLANG_WARN_QUOTED_INCLUDE_IN_FRAMEWORK_HEADER = YES;
				CLANG_WARN_RANGE_LOOP_ANALYSIS = YES;
				CLANG_WARN_STRICT_PROTOTYPES = YES;
				CLANG_WARN_SUSPICIOUS_MOVE = YES;
				CLANG_WARN_UNGUARDED_AVAILABILITY = YES_AGGRESSIVE;
				CLANG_WARN_UNREACHABLE_CODE = YES;
				CLANG_WARN__DUPLICATE_METHOD_MATCH = YES;
				COPY_PHASE_STRIP = NO;
				DEBUG_INFORMATION_FORMAT = "dwarf-with-dsym";
				DEVELOPMENT_TEAM = V8U7G8VKD3;
				ENABLE_NS_ASSERTIONS = NO;
				ENABLE_STRICT_OBJC_MSGSEND = YES;
				ENABLE_USER_SCRIPT_SANDBOXING = YES;
				GCC_C_LANGUAGE_STANDARD = gnu17;
				GCC_NO_COMMON_BLOCKS = YES;
				GCC_WARN_64_TO_32_BIT_CONVERSION = YES;
				GCC_WARN_ABOUT_RETURN_TYPE = YES_ERROR;
				GCC_WARN_UNDECLARED_SELECTOR = YES;
				GCC_WARN_UNINITIALIZED_AUTOS = YES_AGGRESSIVE;
				GCC_WARN_UNUSED_FUNCTION = YES;
				GCC_WARN_UNUSED_VARIABLE = YES;
				IPHONEOS_DEPLOYMENT_TARGET = 26.2;
				LOCALIZATION_PREFERS_STRING_CATALOGS = YES;
				MTL_ENABLE_DEBUG_INFO = NO;
				MTL_FAST_MATH = YES;
				SDKROOT = iphoneos;
				SWIFT_COMPILATION_MODE = wholemodule;
				VALIDATE_PRODUCT = YES;
			};
			name = Release;
		};
		29B574452F37510B00BBD9B0 /* Debug */ = {
			isa = XCBuildConfiguration;
			buildSettings = {
				ASSETCATALOG_COMPILER_APPICON_NAME = AppIcon;
				ASSETCATALOG_COMPILER_GLOBAL_ACCENT_COLOR_NAME = AccentColor;
				CODE_SIGN_ENTITLEMENTS = Mimic/Mimic.entitlements;
				CODE_SIGN_STYLE = Automatic;
				CURRENT_PROJECT_VERSION = 1;
				DEVELOPMENT_TEAM = V8U7G8VKD3;
				ENABLE_PREVIEWS = YES;
				GENERATE_INFOPLIST_FILE = YES;
				INFOPLIST_FILE = Mimic/Info.plist;
				INFOPLIST_KEY_UIApplicationSceneManifest_Generation = YES;
				INFOPLIST_KEY_UIApplicationSupportsIndirectInputEvents = YES;
				INFOPLIST_KEY_UILaunchScreen_Generation = YES;
				INFOPLIST_KEY_UISupportedInterfaceOrientations_iPad = "UIInterfaceOrientationPortrait UIInterfaceOrientationPortraitUpsideDown UIInterfaceOrientationLandscapeLeft UIInterfaceOrientationLandscapeRight";
				INFOPLIST_KEY_UISupportedInterfaceOrientations_iPhone = "UIInterfaceOrientationPortrait UIInterfaceOrientationLandscapeLeft UIInterfaceOrientationLandscapeRight";
				LD_RUNPATH_SEARCH_PATHS = (
					"$(inherited)",
					"@executable_path/Frameworks",
				);
				MARKETING_VERSION = 1.0;
				PRODUCT_BUNDLE_IDENTIFIER = com.jcmanzke.Mimic;
				PRODUCT_NAME = "$(TARGET_NAME)";
				STRING_CATALOG_GENERATE_SYMBOLS = YES;
				SWIFT_APPROACHABLE_CONCURRENCY = YES;
				SWIFT_DEFAULT_ACTOR_ISOLATION = MainActor;
				SWIFT_EMIT_LOC_STRINGS = YES;
				SWIFT_UPCOMING_FEATURE_MEMBER_IMPORT_VISIBILITY = YES;
				SWIFT_VERSION = 5.0;
				TARGETED_DEVICE_FAMILY = "1,2";
			};
			name = Debug;
		};
		29B574462F37510B00BBD9B0 /* Release */ = {
			isa = XCBuildConfiguration;
			buildSettings = {
				ASSETCATALOG_COMPILER_APPICON_NAME = AppIcon;
				ASSETCATALOG_COMPILER_GLOBAL_ACCENT_COLOR_NAME = AccentColor;
				CODE_SIGN_ENTITLEMENTS = Mimic/Mimic.entitlements;
				CODE_SIGN_STYLE = Automatic;
				CURRENT_PROJECT_VERSION = 1;
				DEVELOPMENT_TEAM = V8U7G8VKD3;
				ENABLE_PREVIEWS = YES;
				GENERATE_INFOPLIST_FILE = YES;
				INFOPLIST_FILE = Mimic/Info.plist;
				INFOPLIST_KEY_UIApplicationSceneManifest_Generation = YES;
				INFOPLIST_KEY_UIApplicationSupportsIndirectInputEvents = YES;
				INFOPLIST_KEY_UILaunchScreen_Generation = YES;
				INFOPLIST_KEY_UISupportedInterfaceOrientations_iPad = "UIInterfaceOrientationPortrait UIInterfaceOrientationPortraitUpsideDown UIInterfaceOrientationLandscapeLeft UIInterfaceOrientationLandscapeRight";
				INFOPLIST_KEY_UISupportedInterfaceOrientations_iPhone = "UIInterfaceOrientationPortrait UIInterfaceOrientationLandscapeLeft UIInterfaceOrientationLandscapeRight";
				LD_RUNPATH_SEARCH_PATHS = (
					"$(inherited)",
					"@executable_path/Frameworks",
				);
				MARKETING_VERSION = 1.0;
				PRODUCT_BUNDLE_IDENTIFIER = com.jcmanzke.Mimic;
				PRODUCT_NAME = "$(TARGET_NAME)";
				STRING_CATALOG_GENERATE_SYMBOLS = YES;
				SWIFT_APPROACHABLE_CONCURRENCY = YES;
				SWIFT_DEFAULT_ACTOR_ISOLATION = MainActor;
				SWIFT_EMIT_LOC_STRINGS = YES;
				SWIFT_UPCOMING_FEATURE_MEMBER_IMPORT_VISIBILITY = YES;
				SWIFT_VERSION = 5.0;
				TARGETED_DEVICE_FAMILY = "1,2";
			};
			name = Release;
		};
		29B574482F37510B00BBD9B0 /* Debug */ = {
			isa = XCBuildConfiguration;
			buildSettings = {
				BUNDLE_LOADER = "$(TEST_HOST)";
				CODE_SIGN_STYLE = Automatic;
				CURRENT_PROJECT_VERSION = 1;
				DEVELOPMENT_TEAM = V8U7G8VKD3;
				GENERATE_INFOPLIST_FILE = YES;
				IPHONEOS_DEPLOYMENT_TARGET = 26.2;
				MARKETING_VERSION = 1.0;
				PRODUCT_BUNDLE_IDENTIFIER = com.jcmanzke.MimicTests;
				PRODUCT_NAME = "$(TARGET_NAME)";
				STRING_CATALOG_GENERATE_SYMBOLS = NO;
				SWIFT_APPROACHABLE_CONCURRENCY = YES;
				SWIFT_EMIT_LOC_STRINGS = NO;
				SWIFT_UPCOMING_FEATURE_MEMBER_IMPORT_VISIBILITY = YES;
				SWIFT_VERSION = 5.0;
				TARGETED_DEVICE_FAMILY = "1,2";
				TEST_HOST = "$(BUILT_PRODUCTS_DIR)/Mimic.app/$(BUNDLE_EXECUTABLE_FOLDER_PATH)/Mimic";
			};
			name = Debug;
		};
		29B574492F37510B00BBD9B0 /* Release */ = {
			isa = XCBuildConfiguration;
			buildSettings = {
				BUNDLE_LOADER = "$(TEST_HOST)";
				CODE_SIGN_STYLE = Automatic;
				CURRENT_PROJECT_VERSION = 1;
				DEVELOPMENT_TEAM = V8U7G8VKD3;
				GENERATE_INFOPLIST_FILE = YES;
				IPHONEOS_DEPLOYMENT_TARGET = 26.2;
				MARKETING_VERSION = 1.0;
				PRODUCT_BUNDLE_IDENTIFIER = com.jcmanzke.MimicTests;
				PRODUCT_NAME = "$(TARGET_NAME)";
				STRING_CATALOG_GENERATE_SYMBOLS = NO;
				SWIFT_APPROACHABLE_CONCURRENCY = YES;
				SWIFT_EMIT_LOC_STRINGS = NO;
				SWIFT_UPCOMING_FEATURE_MEMBER_IMPORT_VISIBILITY = YES;
				SWIFT_VERSION = 5.0;
				TARGETED_DEVICE_FAMILY = "1,2";
				TEST_HOST = "$(BUILT_PRODUCTS_DIR)/Mimic.app/$(BUNDLE_EXECUTABLE_FOLDER_PATH)/Mimic";
			};
			name = Release;
		};
		29B5744B2F37510B00BBD9B0 /* Debug */ = {
			isa = XCBuildConfiguration;
			buildSettings = {
				CODE_SIGN_STYLE = Automatic;
				CURRENT_PROJECT_VERSION = 1;
				DEVELOPMENT_TEAM = V8U7G8VKD3;
				GENERATE_INFOPLIST_FILE = YES;
				MARKETING_VERSION = 1.0;
				PRODUCT_BUNDLE_IDENTIFIER = com.jcmanzke.MimicUITests;
				PRODUCT_NAME = "$(TARGET_NAME)";
				STRING_CATALOG_GENERATE_SYMBOLS = NO;
				SWIFT_APPROACHABLE_CONCURRENCY = YES;
				SWIFT_EMIT_LOC_STRINGS = NO;
				SWIFT_UPCOMING_FEATURE_MEMBER_IMPORT_VISIBILITY = YES;
				SWIFT_VERSION = 5.0;
				TARGETED_DEVICE_FAMILY = "1,2";
				TEST_TARGET_NAME = Mimic;
			};
			name = Debug;
		};
		29B5744C2F37510B00BBD9B0 /* Release */ = {
			isa = XCBuildConfiguration;
			buildSettings = {
				CODE_SIGN_STYLE = Automatic;
				CURRENT_PROJECT_VERSION = 1;
				DEVELOPMENT_TEAM = V8U7G8VKD3;
				GENERATE_INFOPLIST_FILE = YES;
				MARKETING_VERSION = 1.0;
				PRODUCT_BUNDLE_IDENTIFIER = com.jcmanzke.MimicUITests;
				PRODUCT_NAME = "$(TARGET_NAME)";
				STRING_CATALOG_GENERATE_SYMBOLS = NO;
				SWIFT_APPROACHABLE_CONCURRENCY = YES;
				SWIFT_EMIT_LOC_STRINGS = NO;
				SWIFT_UPCOMING_FEATURE_MEMBER_IMPORT_VISIBILITY = YES;
				SWIFT_VERSION = 5.0;
				TARGETED_DEVICE_FAMILY = "1,2";
				TEST_TARGET_NAME = Mimic;
			};
			name = Release;
		};
		29B574792F377CFD00BBD9B0 /* Debug */ = {
			isa = XCBuildConfiguration;
			buildSettings = {
				CODE_SIGN_ENTITLEMENTS = DeviceActivityMonitorExtension/DeviceActivityMonitorExtension.entitlements;
				CODE_SIGN_STYLE = Automatic;
				CURRENT_PROJECT_VERSION = 1;
				DEVELOPMENT_TEAM = V8U7G8VKD3;
				GENERATE_INFOPLIST_FILE = YES;
				INFOPLIST_FILE = DeviceActivityMonitorExtension/Info.plist;
				INFOPLIST_KEY_CFBundleDisplayName = DeviceActivityMonitorExtension;
				INFOPLIST_KEY_NSHumanReadableCopyright = "";
				LD_RUNPATH_SEARCH_PATHS = (
					"$(inherited)",
					"@executable_path/Frameworks",
					"@executable_path/../../Frameworks",
				);
				MARKETING_VERSION = 1.0;
				PRODUCT_BUNDLE_IDENTIFIER = com.jcmanzke.Mimic.DeviceActivityMonitorExtension;
				PRODUCT_NAME = "$(TARGET_NAME)";
				SKIP_INSTALL = YES;
				STRING_CATALOG_GENERATE_SYMBOLS = YES;
				SWIFT_APPROACHABLE_CONCURRENCY = YES;
				SWIFT_EMIT_LOC_STRINGS = YES;
				SWIFT_UPCOMING_FEATURE_MEMBER_IMPORT_VISIBILITY = YES;
				SWIFT_VERSION = 5.0;
				TARGETED_DEVICE_FAMILY = "1,2";
			};
			name = Debug;
		};
		29B5747A2F377CFD00BBD9B0 /* Release */ = {
			isa = XCBuildConfiguration;
			buildSettings = {
				CODE_SIGN_ENTITLEMENTS = DeviceActivityMonitorExtension/DeviceActivityMonitorExtension.entitlements;
				CODE_SIGN_STYLE = Automatic;
				CURRENT_PROJECT_VERSION = 1;
				DEVELOPMENT_TEAM = V8U7G8VKD3;
				GENERATE_INFOPLIST_FILE = YES;
				INFOPLIST_FILE = DeviceActivityMonitorExtension/Info.plist;
				INFOPLIST_KEY_CFBundleDisplayName = DeviceActivityMonitorExtension;
				INFOPLIST_KEY_NSHumanReadableCopyright = "";
				LD_RUNPATH_SEARCH_PATHS = (
					"$(inherited)",
					"@executable_path/Frameworks",
					"@executable_path/../../Frameworks",
				);
				MARKETING_VERSION = 1.0;
				PRODUCT_BUNDLE_IDENTIFIER = com.jcmanzke.Mimic.DeviceActivityMonitorExtension;
				PRODUCT_NAME = "$(TARGET_NAME)";
				SKIP_INSTALL = YES;
				STRING_CATALOG_GENERATE_SYMBOLS = YES;
				SWIFT_APPROACHABLE_CONCURRENCY = YES;
				SWIFT_EMIT_LOC_STRINGS = YES;
				SWIFT_UPCOMING_FEATURE_MEMBER_IMPORT_VISIBILITY = YES;
				SWIFT_VERSION = 5.0;
				TARGETED_DEVICE_FAMILY = "1,2";
			};
			name = Release;
		};
		29B574982F3781E800BBD9B0 /* Debug */ = {
			isa = XCBuildConfiguration;
			buildSettings = {
				ASSETCATALOG_COMPILER_GLOBAL_ACCENT_COLOR_NAME = AccentColor;
				ASSETCATALOG_COMPILER_WIDGET_BACKGROUND_COLOR_NAME = WidgetBackground;
				CODE_SIGN_STYLE = Automatic;
				CURRENT_PROJECT_VERSION = 1;
				DEVELOPMENT_TEAM = V8U7G8VKD3;
				GENERATE_INFOPLIST_FILE = YES;
				INFOPLIST_FILE = PetWidgetExtension/Info.plist;
				INFOPLIST_KEY_CFBundleDisplayName = PetWidgetExtension;
				INFOPLIST_KEY_NSHumanReadableCopyright = "";
				LD_RUNPATH_SEARCH_PATHS = (
					"$(inherited)",
					"@executable_path/Frameworks",
					"@executable_path/../../Frameworks",
				);
				MARKETING_VERSION = 1.0;
				PRODUCT_BUNDLE_IDENTIFIER = com.jcmanzke.Mimic.PetWidgetExtension;
				PRODUCT_NAME = "$(TARGET_NAME)";
				SKIP_INSTALL = YES;
				STRING_CATALOG_GENERATE_SYMBOLS = YES;
				SWIFT_APPROACHABLE_CONCURRENCY = YES;
				SWIFT_EMIT_LOC_STRINGS = YES;
				SWIFT_UPCOMING_FEATURE_MEMBER_IMPORT_VISIBILITY = YES;
				SWIFT_VERSION = 5.0;
				TARGETED_DEVICE_FAMILY = "1,2";
			};
			name = Debug;
		};
		29B574992F3781E800BBD9B0 /* Release */ = {
			isa = XCBuildConfiguration;
			buildSettings = {
				ASSETCATALOG_COMPILER_GLOBAL_ACCENT_COLOR_NAME = AccentColor;
				ASSETCATALOG_COMPILER_WIDGET_BACKGROUND_COLOR_NAME = WidgetBackground;
				CODE_SIGN_STYLE = Automatic;
				CURRENT_PROJECT_VERSION = 1;
				DEVELOPMENT_TEAM = V8U7G8VKD3;
				GENERATE_INFOPLIST_FILE = YES;
				INFOPLIST_FILE = PetWidgetExtension/Info.plist;
				INFOPLIST_KEY_CFBundleDisplayName = PetWidgetExtension;
				INFOPLIST_KEY_NSHumanReadableCopyright = "";
				LD_RUNPATH_SEARCH_PATHS = (
					"$(inherited)",
					"@executable_path/Frameworks",
					"@executable_path/../../Frameworks",
				);
				MARKETING_VERSION = 1.0;
				PRODUCT_BUNDLE_IDENTIFIER = com.jcmanzke.Mimic.PetWidgetExtension;
				PRODUCT_NAME = "$(TARGET_NAME)";
				SKIP_INSTALL = YES;
				STRING_CATALOG_GENERATE_SYMBOLS = YES;
				SWIFT_APPROACHABLE_CONCURRENCY = YES;
				SWIFT_EMIT_LOC_STRINGS = YES;
				SWIFT_UPCOMING_FEATURE_MEMBER_IMPORT_VISIBILITY = YES;
				SWIFT_VERSION = 5.0;
				TARGETED_DEVICE_FAMILY = "1,2";
			};
			name = Release;
		};
/* End XCBuildConfiguration section */

/* Begin XCConfigurationList section */
		29B5741E2F37510500BBD9B0 /* Build configuration list for PBXProject "Mimic" */ = {
			isa = XCConfigurationList;
			buildConfigurations = (
				29B574422F37510B00BBD9B0 /* Debug */,
				29B574432F37510B00BBD9B0 /* Release */,
			);
			defaultConfigurationIsVisible = 0;
			defaultConfigurationName = Release;
		};
		29B574442F37510B00BBD9B0 /* Build configuration list for PBXNativeTarget "Mimic" */ = {
			isa = XCConfigurationList;
			buildConfigurations = (
				29B574452F37510B00BBD9B0 /* Debug */,
				29B574462F37510B00BBD9B0 /* Release */,
			);
			defaultConfigurationIsVisible = 0;
			defaultConfigurationName = Release;
		};
		29B574472F37510B00BBD9B0 /* Build configuration list for PBXNativeTarget "MimicTests" */ = {
			isa = XCConfigurationList;
			buildConfigurations = (
				29B574482F37510B00BBD9B0 /* Debug */,
				29B574492F37510B00BBD9B0 /* Release */,
			);
			defaultConfigurationIsVisible = 0;
			defaultConfigurationName = Release;
		};
		29B5744A2F37510B00BBD9B0 /* Build configuration list for PBXNativeTarget "MimicUITests" */ = {
			isa = XCConfigurationList;
			buildConfigurations = (
				29B5744B2F37510B00BBD9B0 /* Debug */,
				29B5744C2F37510B00BBD9B0 /* Release */,
			);
			defaultConfigurationIsVisible = 0;
			defaultConfigurationName = Release;
		};
		29B574782F377CFD00BBD9B0 /* Build configuration list for PBXNativeTarget "DeviceActivityMonitorExtension" */ = {
			isa = XCConfigurationList;
			buildConfigurations = (
				29B574792F377CFD00BBD9B0 /* Debug */,
				29B5747A2F377CFD00BBD9B0 /* Release */,
			);
			defaultConfigurationIsVisible = 0;
			defaultConfigurationName = Release;
		};
		29B574972F3781E800BBD9B0 /* Build configuration list for PBXNativeTarget "PetWidgetExtensionExtension" */ = {
			isa = XCConfigurationList;
			buildConfigurations = (
				29B574982F3781E800BBD9B0 /* Debug */,
				29B574992F3781E800BBD9B0 /* Release */,
			);
			defaultConfigurationIsVisible = 0;
			defaultConfigurationName = Release;
		};
/* End XCConfigurationList section */

/* Begin XCRemoteSwiftPackageReference section */
		29B574D32F378DAE00BBD9B0 /* XCRemoteSwiftPackageReference "rive-ios" */ = {
			isa = XCRemoteSwiftPackageReference;
			repositoryURL = "https://github.com/rive-app/rive-ios";
			requirement = {
				kind = upToNextMajorVersion;
				minimumVersion = 6.15.1;
			};
		};
/* End XCRemoteSwiftPackageReference section */

/* Begin XCSwiftPackageProductDependency section */
		29B574D42F378DAE00BBD9B0 /* RiveRuntime */ = {
			isa = XCSwiftPackageProductDependency;
			package = 29B574D32F378DAE00BBD9B0 /* XCRemoteSwiftPackageReference "rive-ios" */;
			productName = RiveRuntime;
		};
		29B574D62F3790F300BBD9B0 /* RiveRuntime */ = {
			isa = XCSwiftPackageProductDependency;
			package = 29B574D32F378DAE00BBD9B0 /* XCRemoteSwiftPackageReference "rive-ios" */;
			productName = RiveRuntime;
		};
/* End XCSwiftPackageProductDependency section */
	};
	rootObject = 29B5741B2F37510500BBD9B0 /* Project object */;
}
